
Microsoft Visual Studio Solution File, Format Version 12.00
# Visual Studio Version 16
VisualStudioVersion = 16.0.29709.97
MinimumVisualStudioVersion = 10.0.40219.1
Project("{FAE04EC0-301F-11D3-BF4B-00C04F79EFBC}") = "TimeTableProject", "TimeTable\TimeTableProject.csproj", "{32E9E0FA-8DB4-4562-9E6F-06D99B0068D8}"
EndProject
Global
	GlobalSection(SolutionConfigurationPlatforms) = preSolution
		Debug|Any CPU = Debug|Any CPU
		Release|Any CPU = Release|Any CPU
	EndGlobalSection
	GlobalSection(ProjectConfigurationPlatforms) = postSolution
		{32E9E0FA-8DB4-4562-9E6F-06D99B0068D8}.Debug|Any CPU.ActiveCfg = Debug|Any CPU
		{32E9E0FA-8DB4-4562-9E6F-06D99B0068D8}.Debug|Any CPU.Build.0 = Debug|Any CPU
		{32E9E0FA-8DB4-4562-9E6F-06D99B0068D8}.Release|Any CPU.ActiveCfg = Release|Any CPU
		{32E9E0FA-8DB4-4562-9E6F-06D99B0068D8}.Release|Any CPU.Build.0 = Release|Any CPU
	EndGlobalSection
	GlobalSection(SolutionProperties) = preSolution
		HideSolutionNode = FALSE
	EndGlobalSection
	GlobalSection(ExtensibilityGlobals) = postSolution
		SolutionGuid = {E17B25EE-4B36-4250-A180-AD94B54F42DD}
	EndGlobalSection
EndGlobal
