
Microsoft Visual Studio Solution File, Format Version 12.00
# Visual Studio Version 16
VisualStudioVersion = 16.0.29709.97
MinimumVisualStudioVersion = 10.0.40219.1
Project("{FAE04EC0-301F-11D3-BF4B-00C04F79EFBC}") = "Table Layout Panel Trying", "Table Layout Panel Trying\Table Layout Panel Trying.csproj", "{C75B4719-CBE1-4E9B-B414-5DAF9FAD2935}"
EndProject
Global
	GlobalSection(SolutionConfigurationPlatforms) = preSolution
		Debug|Any CPU = Debug|Any CPU
		Release|Any CPU = Release|Any CPU
	EndGlobalSection
	GlobalSection(ProjectConfigurationPlatforms) = postSolution
		{C75B4719-CBE1-4E9B-B414-5DAF9FAD2935}.Debug|Any CPU.ActiveCfg = Debug|Any CPU
		{C75B4719-CBE1-4E9B-B414-5DAF9FAD2935}.Debug|Any CPU.Build.0 = Debug|Any CPU
		{C75B4719-CBE1-4E9B-B414-5DAF9FAD2935}.Release|Any CPU.ActiveCfg = Release|Any CPU
		{C75B4719-CBE1-4E9B-B414-5DAF9FAD2935}.Release|Any CPU.Build.0 = Release|Any CPU
	EndGlobalSection
	GlobalSection(SolutionProperties) = preSolution
		HideSolutionNode = FALSE
	EndGlobalSection
	GlobalSection(ExtensibilityGlobals) = postSolution
		SolutionGuid = {08325E44-7120-42A6-B407-74B58E7F06BD}
	EndGlobalSection
EndGlobal
